
Microsoft Visual Studio Solution File, Format Version 11.00
# Visual Studio 2010
Project("{FAE04EC0-301F-11D3-BF4B-00C04F79EFBC}") = "CoreMmSystem", "CoreMmSystem\CoreMmSystem.csproj", "{D776C41E-EA42-4538-A442-85F80BB5341B}"
EndProject
Project("{2150E333-8FDC-42A3-9474-1A3956D46DE8}") = "SampleApplications", "SampleApplications", "{491B5157-09EA-45DA-B266-6B947A3867AB}"
EndProject
Project("{FAE04EC0-301F-11D3-BF4B-00C04F79EFBC}") = "PureMidiMonitor", "PureMidiMonitor\PureMidiMonitor.csproj", "{6D3F0FC4-02D6-4481-9245-72CBD466FFD9}"
EndProject
Project("{FAE04EC0-301F-11D3-BF4B-00C04F79EFBC}") = "Sequencing", "Sequencing\Sequencing.csproj", "{BAFC9015-AF2E-4EF6-BB5B-03D67389D131}"
EndProject
Project("{FAE04EC0-301F-11D3-BF4B-00C04F79EFBC}") = "UI", "UI\UI.csproj", "{0BCF758F-3E87-456F-8B0F-8D76EC81B4DE}"
EndProject
Global
	GlobalSection(SolutionConfigurationPlatforms) = preSolution
		Debug|Any CPU = Debug|Any CPU
		Debug|Mixed Platforms = Debug|Mixed Platforms
		Debug|x86 = Debug|x86
		Release|Any CPU = Release|Any CPU
		Release|Mixed Platforms = Release|Mixed Platforms
		Release|x86 = Release|x86
	EndGlobalSection
	GlobalSection(ProjectConfigurationPlatforms) = postSolution
		{D776C41E-EA42-4538-A442-85F80BB5341B}.Debug|Any CPU.ActiveCfg = Debug|Any CPU
		{D776C41E-EA42-4538-A442-85F80BB5341B}.Debug|Any CPU.Build.0 = Debug|Any CPU
		{D776C41E-EA42-4538-A442-85F80BB5341B}.Debug|Mixed Platforms.ActiveCfg = Debug|Any CPU
		{D776C41E-EA42-4538-A442-85F80BB5341B}.Debug|Mixed Platforms.Build.0 = Debug|Any CPU
		{D776C41E-EA42-4538-A442-85F80BB5341B}.Debug|x86.ActiveCfg = Debug|Any CPU
		{D776C41E-EA42-4538-A442-85F80BB5341B}.Release|Any CPU.ActiveCfg = Release|Any CPU
		{D776C41E-EA42-4538-A442-85F80BB5341B}.Release|Any CPU.Build.0 = Release|Any CPU
		{D776C41E-EA42-4538-A442-85F80BB5341B}.Release|Mixed Platforms.ActiveCfg = Release|Any CPU
		{D776C41E-EA42-4538-A442-85F80BB5341B}.Release|Mixed Platforms.Build.0 = Release|Any CPU
		{D776C41E-EA42-4538-A442-85F80BB5341B}.Release|x86.ActiveCfg = Release|Any CPU
		{6D3F0FC4-02D6-4481-9245-72CBD466FFD9}.Debug|Any CPU.ActiveCfg = Debug|x86
		{6D3F0FC4-02D6-4481-9245-72CBD466FFD9}.Debug|Mixed Platforms.ActiveCfg = Debug|x86
		{6D3F0FC4-02D6-4481-9245-72CBD466FFD9}.Debug|Mixed Platforms.Build.0 = Debug|x86
		{6D3F0FC4-02D6-4481-9245-72CBD466FFD9}.Debug|x86.ActiveCfg = Debug|x86
		{6D3F0FC4-02D6-4481-9245-72CBD466FFD9}.Debug|x86.Build.0 = Debug|x86
		{6D3F0FC4-02D6-4481-9245-72CBD466FFD9}.Release|Any CPU.ActiveCfg = Release|x86
		{6D3F0FC4-02D6-4481-9245-72CBD466FFD9}.Release|Mixed Platforms.ActiveCfg = Release|x86
		{6D3F0FC4-02D6-4481-9245-72CBD466FFD9}.Release|Mixed Platforms.Build.0 = Release|x86
		{6D3F0FC4-02D6-4481-9245-72CBD466FFD9}.Release|x86.ActiveCfg = Release|x86
		{6D3F0FC4-02D6-4481-9245-72CBD466FFD9}.Release|x86.Build.0 = Release|x86
		{BAFC9015-AF2E-4EF6-BB5B-03D67389D131}.Debug|Any CPU.ActiveCfg = Debug|Any CPU
		{BAFC9015-AF2E-4EF6-BB5B-03D67389D131}.Debug|Any CPU.Build.0 = Debug|Any CPU
		{BAFC9015-AF2E-4EF6-BB5B-03D67389D131}.Debug|Mixed Platforms.ActiveCfg = Debug|Any CPU
		{BAFC9015-AF2E-4EF6-BB5B-03D67389D131}.Debug|Mixed Platforms.Build.0 = Debug|Any CPU
		{BAFC9015-AF2E-4EF6-BB5B-03D67389D131}.Debug|x86.ActiveCfg = Debug|Any CPU
		{BAFC9015-AF2E-4EF6-BB5B-03D67389D131}.Release|Any CPU.ActiveCfg = Release|Any CPU
		{BAFC9015-AF2E-4EF6-BB5B-03D67389D131}.Release|Any CPU.Build.0 = Release|Any CPU
		{BAFC9015-AF2E-4EF6-BB5B-03D67389D131}.Release|Mixed Platforms.ActiveCfg = Release|Any CPU
		{BAFC9015-AF2E-4EF6-BB5B-03D67389D131}.Release|Mixed Platforms.Build.0 = Release|Any CPU
		{BAFC9015-AF2E-4EF6-BB5B-03D67389D131}.Release|x86.ActiveCfg = Release|Any CPU
		{0BCF758F-3E87-456F-8B0F-8D76EC81B4DE}.Debug|Any CPU.ActiveCfg = Debug|Any CPU
		{0BCF758F-3E87-456F-8B0F-8D76EC81B4DE}.Debug|Any CPU.Build.0 = Debug|Any CPU
		{0BCF758F-3E87-456F-8B0F-8D76EC81B4DE}.Debug|Mixed Platforms.ActiveCfg = Debug|Any CPU
		{0BCF758F-3E87-456F-8B0F-8D76EC81B4DE}.Debug|Mixed Platforms.Build.0 = Debug|Any CPU
		{0BCF758F-3E87-456F-8B0F-8D76EC81B4DE}.Debug|x86.ActiveCfg = Debug|Any CPU
		{0BCF758F-3E87-456F-8B0F-8D76EC81B4DE}.Release|Any CPU.ActiveCfg = Release|Any CPU
		{0BCF758F-3E87-456F-8B0F-8D76EC81B4DE}.Release|Any CPU.Build.0 = Release|Any CPU
		{0BCF758F-3E87-456F-8B0F-8D76EC81B4DE}.Release|Mixed Platforms.ActiveCfg = Release|Any CPU
		{0BCF758F-3E87-456F-8B0F-8D76EC81B4DE}.Release|Mixed Platforms.Build.0 = Release|Any CPU
		{0BCF758F-3E87-456F-8B0F-8D76EC81B4DE}.Release|x86.ActiveCfg = Release|Any CPU
	EndGlobalSection
	GlobalSection(SolutionProperties) = preSolution
		HideSolutionNode = FALSE
	EndGlobalSection
	GlobalSection(NestedProjects) = preSolution
		{6D3F0FC4-02D6-4481-9245-72CBD466FFD9} = {491B5157-09EA-45DA-B266-6B947A3867AB}
	EndGlobalSection
EndGlobal
